// !$*UTF8*$!
{
	archiveVersion = 1;
	classes = {
	};
	objectVersion = 50;
	objects = {

/* Begin PBXBuildFile section */
		68777DCD266B3E0C00F334A1 /* HW_3_2_RGB_View_SwiftUIApp.swift in Sources */ = {isa = PBXBuildFile; fileRef = 68777DCC266B3E0C00F334A1 /* HW_3_2_RGB_View_SwiftUIApp.swift */; };
		68777DCF266B3E0C00F334A1 /* ContentView.swift in Sources */ = {isa = PBXBuildFile; fileRef = 68777DCE266B3E0C00F334A1 /* ContentView.swift */; };
		68777DD1266B3E0D00F334A1 /* Assets.xcassets in Resources */ = {isa = PBXBuildFile; fileRef = 68777DD0266B3E0D00F334A1 /* Assets.xcassets */; };
		68777DD4266B3E0D00F334A1 /* Preview Assets.xcassets in Resources */ = {isa = PBXBuildFile; fileRef = 68777DD3266B3E0D00F334A1 /* Preview Assets.xcassets */; };
		688D1A08266B4C8A00967EA8 /* SliderBar.swift in Sources */ = {isa = PBXBuildFile; fileRef = 688D1A07266B4C8A00967EA8 /* SliderBar.swift */; };
/* End PBXBuildFile section */

/* Begin PBXFileReference section */
		68777DC9266B3E0C00F334A1 /* HW-3.2-RGB_View_SwiftUI.app */ = {isa = PBXFileReference; explicitFileType = wrapper.application; includeInIndex = 0; path = "HW-3.2-RGB_View_SwiftUI.app"; sourceTree = BUILT_PRODUCTS_DIR; };
		68777DCC266B3E0C00F334A1 /* HW_3_2_RGB_View_SwiftUIApp.swift */ = {isa = PBXFileReference; lastKnownFileType = sourcecode.swift; path = HW_3_2_RGB_View_SwiftUIApp.swift; sourceTree = "<group>"; };
		68777DCE266B3E0C00F334A1 /* ContentView.swift */ = {isa = PBXFileReference; lastKnownFileType = sourcecode.swift; path = ContentView.swift; sourceTree = "<group>"; };
		68777DD0266B3E0D00F334A1 /* Assets.xcassets */ = {isa = PBXFileReference; lastKnownFileType = folder.assetcatalog; path = Assets.xcassets; sourceTree = "<group>"; };
		68777DD3266B3E0D00F334A1 /* Preview Assets.xcassets */ = {isa = PBXFileReference; lastKnownFileType = folder.assetcatalog; path = "Preview Assets.xcassets"; sourceTree = "<group>"; };
		68777DD5266B3E0D00F334A1 /* Info.plist */ = {isa = PBXFileReference; lastKnownFileType = text.plist.xml; path = Info.plist; sourceTree = "<group>"; };
		688D1A07266B4C8A00967EA8 /* SliderBar.swift */ = {isa = PBXFileReference; lastKnownFileType = sourcecode.swift; path = SliderBar.swift; sourceTree = "<group>"; };
/* End PBXFileReference section */

/* Begin PBXFrameworksBuildPhase section */
		68777DC6266B3E0C00F334A1 /* Frameworks */ = {
			isa = PBXFrameworksBuildPhase;
			buildActionMask = 2147483647;
			files = (
			);
			runOnlyForDeploymentPostprocessing = 0;
		};
/* End PBXFrameworksBuildPhase section */

/* Begin PBXGroup section */
		68777DC0266B3E0C00F334A1 = {
			isa = PBXGroup;
			children = (
				68777DCB266B3E0C00F334A1 /* HW-3.2-RGB_View_SwiftUI */,
				68777DCA266B3E0C00F334A1 /* Products */,
			);
			sourceTree = "<group>";
		};
		68777DCA266B3E0C00F334A1 /* Products */ = {
			isa = PBXGroup;
			children = (
				68777DC9266B3E0C00F334A1 /* HW-3.2-RGB_View_SwiftUI.app */,
			);
			name = Products;
			sourceTree = "<group>";
		};
		68777DCB266B3E0C00F334A1 /* HW-3.2-RGB_View_SwiftUI */ = {
			isa = PBXGroup;
			children = (
				68777DCC266B3E0C00F334A1 /* HW_3_2_RGB_View_SwiftUIApp.swift */,
				68777DCE266B3E0C00F334A1 /* ContentView.swift */,
				688D1A07266B4C8A00967EA8 /* SliderBar.swift */,
				68777DD0266B3E0D00F334A1 /* Assets.xcassets */,
				68777DD5266B3E0D00F334A1 /* Info.plist */,
				68777DD2266B3E0D00F334A1 /* Preview Content */,
			);
			path = "HW-3.2-RGB_View_SwiftUI";
			sourceTree = "<group>";
		};
		68777DD2266B3E0D00F334A1 /* Preview Content */ = {
			isa = PBXGroup;
			children = (
				68777DD3266B3E0D00F334A1 /* Preview Assets.xcassets */,
			);
			path = "Preview Content";
			sourceTree = "<group>";
		};
/* End PBXGroup section */

/* Begin PBXNativeTarget section */
		68777DC8266B3E0C00F334A1 /* HW-3.2-RGB_View_SwiftUI */ = {
			isa = PBXNativeTarget;
			buildConfigurationList = 68777DD8266B3E0D00F334A1 /* Build configuration list for PBXNativeTarget "HW-3.2-RGB_View_SwiftUI" */;
			buildPhases = (
				68777DC5266B3E0C00F334A1 /* Sources */,
				68777DC6266B3E0C00F334A1 /* Frameworks */,
				68777DC7266B3E0C00F334A1 /* Resources */,
			);
			buildRules = (
			);
			dependencies = (
			);
			name = "HW-3.2-RGB_View_SwiftUI";
			productName = "HW-3.2-RGB_View_SwiftUI";
			productReference = 68777DC9266B3E0C00F334A1 /* HW-3.2-RGB_View_SwiftUI.app */;
			productType = "com.apple.product-type.application";
		};
/* End PBXNativeTarget section */

/* Begin PBXProject section */
		68777DC1266B3E0C00F334A1 /* Project object */ = {
			isa = PBXProject;
			attributes = {
				LastSwiftUpdateCheck = 1250;
				LastUpgradeCheck = 1250;
				TargetAttributes = {
					68777DC8266B3E0C00F334A1 = {
						CreatedOnToolsVersion = 12.5;
					};
				};
			};
			buildConfigurationList = 68777DC4266B3E0C00F334A1 /* Build configuration list for PBXProject "HW-3.2-RGB_View_SwiftUI" */;
			compatibilityVersion = "Xcode 9.3";
			developmentRegion = en;
			hasScannedForEncodings = 0;
			knownRegions = (
				en,
				Base,
			);
			mainGroup = 68777DC0266B3E0C00F334A1;
			productRefGroup = 68777DCA266B3E0C00F334A1 /* Products */;
			projectDirPath = "";
			projectRoot = "";
			targets = (
				68777DC8266B3E0C00F334A1 /* HW-3.2-RGB_View_SwiftUI */,
			);
		};
/* End PBXProject section */

/* Begin PBXResourcesBuildPhase section */
		68777DC7266B3E0C00F334A1 /* Resources */ = {
			isa = PBXResourcesBuildPhase;
			buildActionMask = 2147483647;
			files = (
				68777DD4266B3E0D00F334A1 /* Preview Assets.xcassets in Resources */,
				68777DD1266B3E0D00F334A1 /* Assets.xcassets in Resources */,
			);
			runOnlyForDeploymentPostprocessing = 0;
		};
/* End PBXResourcesBuildPhase section */

/* Begin PBXSourcesBuildPhase section */
		68777DC5266B3E0C00F334A1 /* Sources */ = {
			isa = PBXSourcesBuildPhase;
			buildActionMask = 2147483647;
			files = (
				68777DCF266B3E0C00F334A1 /* ContentView.swift in Sources */,
				688D1A08266B4C8A00967EA8 /* SliderBar.swift in Sources */,
				68777DCD266B3E0C00F334A1 /* HW_3_2_RGB_View_SwiftUIApp.swift in Sources */,
			);
			runOnlyForDeploymentPostprocessing = 0;
		};
/* End PBXSourcesBuildPhase section */

/* Begin XCBuildConfiguration section */
		68777DD6266B3E0D00F334A1 /* Debug */ = {
			isa = XCBuildConfiguration;
			buildSettings = {
				ALWAYS_SEARCH_USER_PATHS = NO;
				CLANG_ANALYZER_NONNULL = YES;
				CLANG_ANALYZER_NUMBER_OBJECT_CONVERSION = YES_AGGRESSIVE;
				CLANG_CXX_LANGUAGE_STANDARD = "gnu++14";
				CLANG_CXX_LIBRARY = "libc++";
				CLANG_ENABLE_MODULES = YES;
				CLANG_ENABLE_OBJC_ARC = YES;
				CLANG_ENABLE_OBJC_WEAK = YES;
				CLANG_WARN_BLOCK_CAPTURE_AUTORELEASING = YES;
				CLANG_WARN_BOOL_CONVERSION = YES;
				CLANG_WARN_COMMA = YES;
				CLANG_WARN_CONSTANT_CONVERSION = YES;
				CLANG_WARN_DEPRECATED_OBJC_IMPLEMENTATIONS = YES;
				CLANG_WARN_DIRECT_OBJC_ISA_USAGE = YES_ERROR;
				CLANG_WARN_DOCUMENTATION_COMMENTS = YES;
				CLANG_WARN_EMPTY_BODY = YES;
				CLANG_WARN_ENUM_CONVERSION = YES;
				CLANG_WARN_INFINITE_RECURSION = YES;
				CLANG_WARN_INT_CONVERSION = YES;
				CLANG_WARN_NON_LITERAL_NULL_CONVERSION = YES;
				CLANG_WARN_OBJC_IMPLICIT_RETAIN_SELF = YES;
				CLANG_WARN_OBJC_LITERAL_CONVERSION = YES;
				CLANG_WARN_OBJC_ROOT_CLASS = YES_ERROR;
				CLANG_WARN_QUOTED_INCLUDE_IN_FRAMEWORK_HEADER = YES;
				CLANG_WARN_RANGE_LOOP_ANALYSIS = YES;
				CLANG_WARN_STRICT_PROTOTYPES = YES;
				CLANG_WARN_SUSPICIOUS_MOVE = YES;
				CLANG_WARN_UNGUARDED_AVAILABILITY = YES_AGGRESSIVE;
				CLANG_WARN_UNREACHABLE_CODE = YES;
				CLANG_WARN__DUPLICATE_METHOD_MATCH = YES;
				COPY_PHASE_STRIP = NO;
				DEBUG_INFORMATION_FORMAT = dwarf;
				ENABLE_STRICT_OBJC_MSGSEND = YES;
				ENABLE_TESTABILITY = YES;
				GCC_C_LANGUAGE_STANDARD = gnu11;
				GCC_DYNAMIC_NO_PIC = NO;
				GCC_NO_COMMON_BLOCKS = YES;
				GCC_OPTIMIZATION_LEVEL = 0;
				GCC_PREPROCESSOR_DEFINITIONS = (
					"DEBUG=1",
					"$(inherited)",
				);
				GCC_WARN_64_TO_32_BIT_CONVERSION = YES;
				GCC_WARN_ABOUT_RETURN_TYPE = YES_ERROR;
				GCC_WARN_UNDECLARED_SELECTOR = YES;
				GCC_WARN_UNINITIALIZED_AUTOS = YES_AGGRESSIVE;
				GCC_WARN_UNUSED_FUNCTION = YES;
				GCC_WARN_UNUSED_VARIABLE = YES;
				IPHONEOS_DEPLOYMENT_TARGET = 14.5;
				MTL_ENABLE_DEBUG_INFO = INCLUDE_SOURCE;
				MTL_FAST_MATH = YES;
				ONLY_ACTIVE_ARCH = YES;
				SDKROOT = iphoneos;
				SWIFT_ACTIVE_COMPILATION_CONDITIONS = DEBUG;
				SWIFT_OPTIMIZATION_LEVEL = "-Onone";
			};
			name = Debug;
		};
		68777DD7266B3E0D00F334A1 /* Release */ = {
			isa = XCBuildConfiguration;
			buildSettings = {
				ALWAYS_SEARCH_USER_PATHS = NO;
				CLANG_ANALYZER_NONNULL = YES;
				CLANG_ANALYZER_NUMBER_OBJECT_CONVERSION = YES_AGGRESSIVE;
				CLANG_CXX_LANGUAGE_STANDARD = "gnu++14";
				CLANG_CXX_LIBRARY = "libc++";
				CLANG_ENABLE_MODULES = YES;
				CLANG_ENABLE_OBJC_ARC = YES;
				CLANG_ENABLE_OBJC_WEAK = YES;
				CLANG_WARN_BLOCK_CAPTURE_AUTORELEASING = YES;
				CLANG_WARN_BOOL_CONVERSION = YES;
				CLANG_WARN_COMMA = YES;
				CLANG_WARN_CONSTANT_CONVERSION = YES;
				CLANG_WARN_DEPRECATED_OBJC_IMPLEMENTATIONS = YES;
				CLANG_WARN_DIRECT_OBJC_ISA_USAGE = YES_ERROR;
				CLANG_WARN_DOCUMENTATION_COMMENTS = YES;
				CLANG_WARN_EMPTY_BODY = YES;
				CLANG_WARN_ENUM_CONVERSION = YES;
				CLANG_WARN_INFINITE_RECURSION = YES;
				CLANG_WARN_INT_CONVERSION = YES;
				CLANG_WARN_NON_LITERAL_NULL_CONVERSION = YES;
				CLANG_WARN_OBJC_IMPLICIT_RETAIN_SELF = YES;
				CLANG_WARN_OBJC_LITERAL_CONVERSION = YES;
				CLANG_WARN_OBJC_ROOT_CLASS = YES_ERROR;
				CLANG_WARN_QUOTED_INCLUDE_IN_FRAMEWORK_HEADER = YES;
				CLANG_WARN_RANGE_LOOP_ANALYSIS = YES;
				CLANG_WARN_STRICT_PROTOTYPES = YES;
				CLANG_WARN_SUSPICIOUS_MOVE = YES;
				CLANG_WARN_UNGUARDED_AVAILABILITY = YES_AGGRESSIVE;
				CLANG_WARN_UNREACHABLE_CODE = YES;
				CLANG_WARN__DUPLICATE_METHOD_MATCH = YES;
				COPY_PHASE_STRIP = NO;
				DEBUG_INFORMATION_FORMAT = "dwarf-with-dsym";
				ENABLE_NS_ASSERTIONS = NO;
				ENABLE_STRICT_OBJC_MSGSEND = YES;
				GCC_C_LANGUAGE_STANDARD = gnu11;
				GCC_NO_COMMON_BLOCKS = YES;
				GCC_WARN_64_TO_32_BIT_CONVERSION = YES;
				GCC_WARN_ABOUT_RETURN_TYPE = YES_ERROR;
				GCC_WARN_UNDECLARED_SELECTOR = YES;
				GCC_WARN_UNINITIALIZED_AUTOS = YES_AGGRESSIVE;
				GCC_WARN_UNUSED_FUNCTION = YES;
				GCC_WARN_UNUSED_VARIABLE = YES;
				IPHONEOS_DEPLOYMENT_TARGET = 14.5;
				MTL_ENABLE_DEBUG_INFO = NO;
				MTL_FAST_MATH = YES;
				SDKROOT = iphoneos;
				SWIFT_COMPILATION_MODE = wholemodule;
				SWIFT_OPTIMIZATION_LEVEL = "-O";
				VALIDATE_PRODUCT = YES;
			};
			name = Release;
		};
		68777DD9266B3E0D00F334A1 /* Debug */ = {
			isa = XCBuildConfiguration;
			buildSettings = {
				ASSETCATALOG_COMPILER_APPICON_NAME = AppIcon;
				ASSETCATALOG_COMPILER_GLOBAL_ACCENT_COLOR_NAME = AccentColor;
				CODE_SIGN_STYLE = Automatic;
				DEVELOPMENT_ASSET_PATHS = "\"HW-3.2-RGB_View_SwiftUI/Preview Content\"";
				DEVELOPMENT_TEAM = PK5GMP355X;
				ENABLE_PREVIEWS = YES;
				INFOPLIST_FILE = "HW-3.2-RGB_View_SwiftUI/Info.plist";
				IPHONEOS_DEPLOYMENT_TARGET = 14.0;
				LD_RUNPATH_SEARCH_PATHS = (
					"$(inherited)",
					"@executable_path/Frameworks",
				);
				PRODUCT_BUNDLE_IDENTIFIER = "ru.Kelevra.HW-3-2-RGB-View-SwiftUI";
				PRODUCT_NAME = "$(TARGET_NAME)";
				SWIFT_VERSION = 5.0;
				TARGETED_DEVICE_FAMILY = "1,2";
			};
			name = Debug;
		};
		68777DDA266B3E0D00F334A1 /* Release */ = {
			isa = XCBuildConfiguration;
			buildSettings = {
				ASSETCATALOG_COMPILER_APPICON_NAME = AppIcon;
				ASSETCATALOG_COMPILER_GLOBAL_ACCENT_COLOR_NAME = AccentColor;
				CODE_SIGN_STYLE = Automatic;
				DEVELOPMENT_ASSET_PATHS = "\"HW-3.2-RGB_View_SwiftUI/Preview Content\"";
				DEVELOPMENT_TEAM = PK5GMP355X;
				ENABLE_PREVIEWS = YES;
				INFOPLIST_FILE = "HW-3.2-RGB_View_SwiftUI/Info.plist";
				IPHONEOS_DEPLOYMENT_TARGET = 14.0;
				LD_RUNPATH_SEARCH_PATHS = (
					"$(inherited)",
					"@executable_path/Frameworks",
				);
				PRODUCT_BUNDLE_IDENTIFIER = "ru.Kelevra.HW-3-2-RGB-View-SwiftUI";
				PRODUCT_NAME = "$(TARGET_NAME)";
				SWIFT_VERSION = 5.0;
				TARGETED_DEVICE_FAMILY = "1,2";
			};
			name = Release;
		};
/* End XCBuildConfiguration section */

/* Begin XCConfigurationList section */
		68777DC4266B3E0C00F334A1 /* Build configuration list for PBXProject "HW-3.2-RGB_View_SwiftUI" */ = {
			isa = XCConfigurationList;
			buildConfigurations = (
				68777DD6266B3E0D00F334A1 /* Debug */,
				68777DD7266B3E0D00F334A1 /* Release */,
			);
			defaultConfigurationIsVisible = 0;
			defaultConfigurationName = Release;
		};
		68777DD8266B3E0D00F334A1 /* Build configuration list for PBXNativeTarget "HW-3.2-RGB_View_SwiftUI" */ = {
			isa = XCConfigurationList;
			buildConfigurations = (
				68777DD9266B3E0D00F334A1 /* Debug */,
				68777DDA266B3E0D00F334A1 /* Release */,
			);
			defaultConfigurationIsVisible = 0;
			defaultConfigurationName = Release;
		};
/* End XCConfigurationList section */
	};
	rootObject = 68777DC1266B3E0C00F334A1 /* Project object */;
}
